{
    "_readme": [
        "This file locks the dependencies of your project to a known state",
        "Read more about it at http://getcomposer.org/doc/01-basic-usage.md#composer-lock-the-lock-file",
        "This file is @generated automatically"
    ],
    "hash": "1c7fac56075ff214568970d4d212eac7",
    "packages": [
        {
            "name": "dibi/dibi",
            "version": "v2.3.0",
            "source": {
                "type": "git",
                "url": "https://github.com/dg/dibi.git",
                "reference": "5970db58aaf3c24c76306a0acbf683692e0fc539"
            },
            "dist": {
                "type": "zip",
                "url": "https://api.github.com/repos/dg/dibi/zipball/5970db58aaf3c24c76306a0acbf683692e0fc539",
                "reference": "5970db58aaf3c24c76306a0acbf683692e0fc539",
                "shasum": ""
            },
            "require": {
                "php": ">=5.2.0"
            },
            "replace": {
                "dg/dibi": "self.version"
            },
            "require-dev": {
                "nette/tester": "~1.3",
                "tracy/tracy": "~2.2"
            },
            "type": "library",
            "extra": {
                "branch-alias": {
                    "dev-master": "2.3-dev"
                }
            },
            "autoload": {
                "classmap": [
                    "dibi/"
                ]
            },
            "notification-url": "https://packagist.org/downloads/",
            "license": [
                "BSD-3-Clause",
                "GPL-2.0",
                "GPL-3.0"
            ],
            "authors": [
                {
                    "name": "David Grudl",
                    "homepage": "http://davidgrudl.com"
                }
            ],
            "description": "Dibi is Database Abstraction Library for PHP",
            "homepage": "http://dibiphp.com",
            "keywords": [
                "access",
                "database",
                "dbal",
                "mssql",
                "mysql",
                "odbc",
                "oracle",
                "pdo",
                "postgresql",
                "sqlite"
            ],
            "time": "2015-01-25 16:24:28"
        },
        {
            "name": "querypath/querypath",
            "version": "3.0.3",
            "source": {
                "type": "git",
                "url": "https://github.com/technosophos/querypath.git",
                "reference": "13224745f7348e099d2dde9e555bc8972c21a810"
            },
            "dist": {
                "type": "zip",
                "url": "https://api.github.com/repos/technosophos/querypath/zipball/13224745f7348e099d2dde9e555bc8972c21a810",
                "reference": "13224745f7348e099d2dde9e555bc8972c21a810",
                "shasum": ""
            },
            "require": {
                "php": ">=5.3.0"
            },
            "type": "library",
            "autoload": {
                "psr-0": {
                    "QueryPath": "src/"
                },
                "files": [
                    "src/qp_functions.php"
                ]
            },
            "notification-url": "https://packagist.org/downloads/",
            "license": [
                "MIT"
            ],
            "description": "HTML/XML querying (CSS 4 or XPath) and processing (like jQuery)",
            "homepage": "https://github.com/technosophos/querypath",
            "keywords": [
                "css",
                "html",
                "jquery",
                "xml",
                "xslt"
            ],
            "time": "2014-09-23 19:04:19"
        }
    ],
    "packages-dev": [],
    "aliases": [],
    "minimum-stability": "stable",
    "stability-flags": [],
    "prefer-stable": false,
    "prefer-lowest": false,
    "platform": [],
    "platform-dev": []
}
